// !$*UTF8*$!
{
	archiveVersion = 1;
	classes = {
	};
	objectVersion = 46;
	objects = {

/* Begin PBXBuildFile section */
		CD133EBC15483070009579F0 /* Cocoa.framework in Frameworks */ = {isa = PBXBuildFile; fileRef = CD133EBB15483070009579F0 /* Cocoa.framework */; };
		CD133EC215483071009579F0 /* InfoPlist.strings in Resources */ = {isa = PBXBuildFile; fileRef = CD133EC015483071009579F0 /* InfoPlist.strings */; };
/* End PBXBuildFile section */

/* Begin PBXFileReference section */
		CD133EB815483070009579F0 /* Extra Scripts Plugin.qsplugin */ = {isa = PBXFileReference; explicitFileType = wrapper.cfbundle; includeInIndex = 0; path = "Extra Scripts Plugin.qsplugin"; sourceTree = BUILT_PRODUCTS_DIR; };
		CD133EBB15483070009579F0 /* Cocoa.framework */ = {isa = PBXFileReference; lastKnownFileType = wrapper.framework; name = Cocoa.framework; path = System/Library/Frameworks/Cocoa.framework; sourceTree = SDKROOT; };
		CD133EBF15483071009579F0 /* Info.plist */ = {isa = PBXFileReference; lastKnownFileType = text.plist.xml; path = Info.plist; sourceTree = SOURCE_ROOT; };
		CD133EC115483071009579F0 /* en */ = {isa = PBXFileReference; lastKnownFileType = text.plist.strings; name = en; path = en.lproj/InfoPlist.strings; sourceTree = "<group>"; };
		CD133EC415483071009579F0 /* Common.xcconfig */ = {isa = PBXFileReference; lastKnownFileType = text.xcconfig; path = Common.xcconfig; sourceTree = "<group>"; };
		CD133EC515483071009579F0 /* Debug.xcconfig */ = {isa = PBXFileReference; lastKnownFileType = text.xcconfig; path = Debug.xcconfig; sourceTree = "<group>"; };
		CD133EC615483071009579F0 /* Developer.xcconfig */ = {isa = PBXFileReference; lastKnownFileType = text.xcconfig; path = Developer.xcconfig; sourceTree = "<group>"; };
		CD133EC715483071009579F0 /* QSPlugIn.xcconfig */ = {isa = PBXFileReference; lastKnownFileType = text.xcconfig; path = QSPlugIn.xcconfig; sourceTree = "<group>"; };
		CD133EC815483071009579F0 /* QSPlugIn_Debug.xcconfig */ = {isa = PBXFileReference; lastKnownFileType = text.xcconfig; path = QSPlugIn_Debug.xcconfig; sourceTree = "<group>"; };
		CD133EC915483071009579F0 /* QSPlugIn_Release.xcconfig */ = {isa = PBXFileReference; lastKnownFileType = text.xcconfig; path = QSPlugIn_Release.xcconfig; sourceTree = "<group>"; };
		CD133ECA15483071009579F0 /* Quicksilver.pch */ = {isa = PBXFileReference; lastKnownFileType = sourcecode.c.h; path = Quicksilver.pch; sourceTree = "<group>"; };
		CD133ECB15483071009579F0 /* Release.xcconfig */ = {isa = PBXFileReference; lastKnownFileType = text.xcconfig; path = Release.xcconfig; sourceTree = "<group>"; };
		CD133F52154853B7009579F0 /* Show Character Palette.scpt */ = {isa = PBXFileReference; lastKnownFileType = file; path = "Show Character Palette.scpt"; sourceTree = "<group>"; };
		CD133F53154853B7009579F0 /* Show Keyboard Viewer.scpt */ = {isa = PBXFileReference; lastKnownFileType = file; path = "Show Keyboard Viewer.scpt"; sourceTree = "<group>"; };
		CD133F54154853B7009579F0 /* Sync Now.scpt */ = {isa = PBXFileReference; lastKnownFileType = file; path = "Sync Now.scpt"; sourceTree = "<group>"; };
		CD133F55154853B7009579F0 /* Zoom Front Window.scpt */ = {isa = PBXFileReference; lastKnownFileType = file; path = "Zoom Front Window.scpt"; sourceTree = "<group>"; };
		CD133F57154853B7009579F0 /* Fast Logout.sh */ = {isa = PBXFileReference; fileEncoding = 4; lastKnownFileType = text.script.sh; path = "Fast Logout.sh"; sourceTree = "<group>"; };
		CD133F58154853B7009579F0 /* Hide Others.scpt */ = {isa = PBXFileReference; lastKnownFileType = file; path = "Hide Others.scpt"; sourceTree = "<group>"; };
		CD133F59154853B7009579F0 /* LockScreen */ = {isa = PBXFileReference; lastKnownFileType = "compiled.mach-o"; path = LockScreen; sourceTree = "<group>"; };
		CD133F5A154853B7009579F0 /* Logout */ = {isa = PBXFileReference; lastKnownFileType = file; path = Logout; sourceTree = "<group>"; };
		CD133F5B154853B7009579F0 /* Quit Visible Apps.scpt */ = {isa = PBXFileReference; lastKnownFileType = file; path = "Quit Visible Apps.scpt"; sourceTree = "<group>"; };
		CD133F5C154853B7009579F0 /* Show All.scpt */ = {isa = PBXFileReference; lastKnownFileType = file; path = "Show All.scpt"; sourceTree = "<group>"; };
		CD133F5D154853B7009579F0 /* Switch To Root.sh */ = {isa = PBXFileReference; fileEncoding = 4; lastKnownFileType = text.script.sh; path = "Switch To Root.sh"; sourceTree = "<group>"; };
		CD133F5E154853B7009579F0 /* top 10.sh */ = {isa = PBXFileReference; fileEncoding = 4; lastKnownFileType = text.script.sh; path = "top 10.sh"; sourceTree = "<group>"; };
		CD133F60154853B7009579F0 /* Close Disk Tray.sh */ = {isa = PBXFileReference; fileEncoding = 4; lastKnownFileType = text.script.sh; path = "Close Disk Tray.sh"; sourceTree = "<group>"; };
		CD133F61154853B7009579F0 /* Eject.sh */ = {isa = PBXFileReference; fileEncoding = 4; lastKnownFileType = text.script.sh; path = Eject.sh; sourceTree = "<group>"; };
		CD133F62154853B7009579F0 /* Empty Trash.scpt */ = {isa = PBXFileReference; lastKnownFileType = file; path = "Empty Trash.scpt"; sourceTree = "<group>"; };
		CD133F63154853B7009579F0 /* Force Restart */ = {isa = PBXFileReference; fileEncoding = 4; lastKnownFileType = text; path = "Force Restart"; sourceTree = "<group>"; };
		CD133F64154853B7009579F0 /* Force Shutdown */ = {isa = PBXFileReference; fileEncoding = 4; lastKnownFileType = text; path = "Force Shutdown"; sourceTree = "<group>"; };
		CD133F65154853B7009579F0 /* Restart */ = {isa = PBXFileReference; lastKnownFileType = file; path = Restart; sourceTree = "<group>"; };
		CD133F66154853B7009579F0 /* Shut Down */ = {isa = PBXFileReference; lastKnownFileType = file; path = "Shut Down"; sourceTree = "<group>"; };
		CD133F67154853B7009579F0 /* Sleep */ = {isa = PBXFileReference; lastKnownFileType = file; path = Sleep; sourceTree = "<group>"; };
		CD133F68154853B7009579F0 /* Toggle Audio Input.scpt */ = {isa = PBXFileReference; lastKnownFileType = file; path = "Toggle Audio Input.scpt"; sourceTree = "<group>"; };
		CD133F69154853B7009579F0 /* Toggle Audio Output.scpt */ = {isa = PBXFileReference; lastKnownFileType = file; path = "Toggle Audio Output.scpt"; sourceTree = "<group>"; };
		CD133F6B154853B7009579F0 /* Max Volume (60%).scpt */ = {isa = PBXFileReference; lastKnownFileType = file; path = "Max Volume (60%).scpt"; sourceTree = "<group>"; };
		CD133F6C154853B7009579F0 /* Mid Volume (40%).scpt */ = {isa = PBXFileReference; lastKnownFileType = file; path = "Mid Volume (40%).scpt"; sourceTree = "<group>"; };
		CD133F6D154853B7009579F0 /* Min Volume (20%).scpt */ = {isa = PBXFileReference; lastKnownFileType = file; path = "Min Volume (20%).scpt"; sourceTree = "<group>"; };
		CD133F6E154853B7009579F0 /* Mute Volume.scpt */ = {isa = PBXFileReference; lastKnownFileType = file; path = "Mute Volume.scpt"; sourceTree = "<group>"; };
/* End PBXFileReference section */

/* Begin PBXFrameworksBuildPhase section */
		CD133EB415483070009579F0 /* Frameworks */ = {
			isa = PBXFrameworksBuildPhase;
			buildActionMask = 2147483647;
			files = (
				CD133EBC15483070009579F0 /* Cocoa.framework in Frameworks */,
			);
			runOnlyForDeploymentPostprocessing = 0;
		};
/* End PBXFrameworksBuildPhase section */

/* Begin PBXGroup section */
		CD133EAC15483070009579F0 = {
			isa = PBXGroup;
			children = (
				CD133EBD15483070009579F0 /* Extra Scripts Plugin */,
				CD133EBA15483070009579F0 /* Frameworks */,
				CD133EB915483070009579F0 /* Products */,
			);
			sourceTree = "<group>";
		};
		CD133EB915483070009579F0 /* Products */ = {
			isa = PBXGroup;
			children = (
				CD133EB815483070009579F0 /* Extra Scripts Plugin.qsplugin */,
			);
			name = Products;
			sourceTree = "<group>";
		};
		CD133EBA15483070009579F0 /* Frameworks */ = {
			isa = PBXGroup;
			children = (
				CD133EBB15483070009579F0 /* Cocoa.framework */,
			);
			name = Frameworks;
			sourceTree = "<group>";
		};
		CD133EBD15483070009579F0 /* Extra Scripts Plugin */ = {
			isa = PBXGroup;
			children = (
				CD133EC315483071009579F0 /* Configuration */,
				CD133EE315483297009579F0 /* Scripts */,
				CD133EBE15483071009579F0 /* Supporting Files */,
			);
			path = "Extra Scripts Plugin";
			sourceTree = "<group>";
		};
		CD133EBE15483071009579F0 /* Supporting Files */ = {
			isa = PBXGroup;
			children = (
				CD133EBF15483071009579F0 /* Info.plist */,
				CD133EC015483071009579F0 /* InfoPlist.strings */,
			);
			name = "Supporting Files";
			sourceTree = "<group>";
		};
		CD133EC315483071009579F0 /* Configuration */ = {
			isa = PBXGroup;
			children = (
				CD133EC415483071009579F0 /* Common.xcconfig */,
				CD133EC515483071009579F0 /* Debug.xcconfig */,
				CD133EC615483071009579F0 /* Developer.xcconfig */,
				CD133EC715483071009579F0 /* QSPlugIn.xcconfig */,
				CD133EC815483071009579F0 /* QSPlugIn_Debug.xcconfig */,
				CD133EC915483071009579F0 /* QSPlugIn_Release.xcconfig */,
				CD133ECA15483071009579F0 /* Quicksilver.pch */,
				CD133ECB15483071009579F0 /* Release.xcconfig */,
			);
			name = Configuration;
			path = /tmp/QS/Configuration;
			sourceTree = "<group>";
		};
		CD133EE315483297009579F0 /* Scripts */ = {
			isa = PBXGroup;
			children = (
				CD133F51154853B7009579F0 /* Miscellaneous */,
				CD133F56154853B7009579F0 /* Processes */,
				CD133F5F154853B7009579F0 /* System */,
				CD133F6A154853B7009579F0 /* Volume */,
			);
			name = Scripts;
			path = ExtraScripts;
			sourceTree = "<group>";
		};
		CD133F51154853B7009579F0 /* Miscellaneous */ = {
			isa = PBXGroup;
			children = (
				CD133F52154853B7009579F0 /* Show Character Palette.scpt */,
				CD133F53154853B7009579F0 /* Show Keyboard Viewer.scpt */,
				CD133F54154853B7009579F0 /* Sync Now.scpt */,
				CD133F55154853B7009579F0 /* Zoom Front Window.scpt */,
			);
			path = Miscellaneous;
			sourceTree = "<group>";
		};
		CD133F56154853B7009579F0 /* Processes */ = {
			isa = PBXGroup;
			children = (
				CD133F57154853B7009579F0 /* Fast Logout.sh */,
				CD133F58154853B7009579F0 /* Hide Others.scpt */,
				CD133F59154853B7009579F0 /* LockScreen */,
				CD133F5A154853B7009579F0 /* Logout */,
				CD133F5B154853B7009579F0 /* Quit Visible Apps.scpt */,
				CD133F5C154853B7009579F0 /* Show All.scpt */,
				CD133F5D154853B7009579F0 /* Switch To Root.sh */,
				CD133F5E154853B7009579F0 /* top 10.sh */,
			);
			path = Processes;
			sourceTree = "<group>";
		};
		CD133F5F154853B7009579F0 /* System */ = {
			isa = PBXGroup;
			children = (
				CD133F60154853B7009579F0 /* Close Disk Tray.sh */,
				CD133F61154853B7009579F0 /* Eject.sh */,
				CD133F62154853B7009579F0 /* Empty Trash.scpt */,
				CD133F63154853B7009579F0 /* Force Restart */,
				CD133F64154853B7009579F0 /* Force Shutdown */,
				CD133F65154853B7009579F0 /* Restart */,
				CD133F66154853B7009579F0 /* Shut Down */,
				CD133F67154853B7009579F0 /* Sleep */,
				CD133F68154853B7009579F0 /* Toggle Audio Input.scpt */,
				CD133F69154853B7009579F0 /* Toggle Audio Output.scpt */,
			);
			path = System;
			sourceTree = "<group>";
		};
		CD133F6A154853B7009579F0 /* Volume */ = {
			isa = PBXGroup;
			children = (
				CD133F6B154853B7009579F0 /* Max Volume (60%).scpt */,
				CD133F6C154853B7009579F0 /* Mid Volume (40%).scpt */,
				CD133F6D154853B7009579F0 /* Min Volume (20%).scpt */,
				CD133F6E154853B7009579F0 /* Mute Volume.scpt */,
			);
			path = Volume;
			sourceTree = "<group>";
		};
/* End PBXGroup section */

/* Begin PBXNativeTarget section */
		CD133EB715483070009579F0 /* Extra Scripts Plugin */ = {
			isa = PBXNativeTarget;
			buildConfigurationList = CD133ED715483071009579F0 /* Build configuration list for PBXNativeTarget "Extra Scripts Plugin" */;
			buildPhases = (
				CD133EB315483070009579F0 /* Sources */,
				CD133EB415483070009579F0 /* Frameworks */,
				CD133EB515483070009579F0 /* Resources */,
				CD133F8D15485415009579F0 /* ShellScript */,
				CD133EB615483070009579F0 /* ShellScript */,
			);
			buildRules = (
			);
			dependencies = (
			);
			name = "Extra Scripts Plugin";
			productName = "Extra Scripts Plugin";
			productReference = CD133EB815483070009579F0 /* Extra Scripts Plugin.qsplugin */;
			productType = "com.apple.product-type.bundle";
		};
/* End PBXNativeTarget section */

/* Begin PBXProject section */
		CD133EAE15483070009579F0 /* Project object */ = {
			isa = PBXProject;
			attributes = {
				LastUpgradeCheck = 0430;
			};
			buildConfigurationList = CD133EB115483070009579F0 /* Build configuration list for PBXProject "Extra Scripts Plugin" */;
			compatibilityVersion = "Xcode 3.2";
			developmentRegion = English;
			hasScannedForEncodings = 0;
			knownRegions = (
				en,
			);
			mainGroup = CD133EAC15483070009579F0;
			productRefGroup = CD133EB915483070009579F0 /* Products */;
			projectDirPath = "";
			projectRoot = "";
			targets = (
				CD133EB715483070009579F0 /* Extra Scripts Plugin */,
			);
		};
/* End PBXProject section */

/* Begin PBXResourcesBuildPhase section */
		CD133EB515483070009579F0 /* Resources */ = {
			isa = PBXResourcesBuildPhase;
			buildActionMask = 2147483647;
			files = (
				CD133EC215483071009579F0 /* InfoPlist.strings in Resources */,
			);
			runOnlyForDeploymentPostprocessing = 0;
		};
/* End PBXResourcesBuildPhase section */

/* Begin PBXShellScriptBuildPhase section */
		CD133EB615483070009579F0 /* ShellScript */ = {
			isa = PBXShellScriptBuildPhase;
			buildActionMask = 2147483647;
			files = (
			);
			inputPaths = (
			);
			outputPaths = (
			);
			runOnlyForDeploymentPostprocessing = 1;
			shellPath = /bin/sh;
			shellScript = "\"$SRCROOT/Extra Scripts Plugin/bltrversion\" \"$INFOPLIST_FILE\"";
		};
		CD133F8D15485415009579F0 /* ShellScript */ = {
			isa = PBXShellScriptBuildPhase;
			buildActionMask = 2147483647;
			files = (
			);
			inputPaths = (
			);
			outputPaths = (
			);
			runOnlyForDeploymentPostprocessing = 0;
			shellPath = /bin/sh;
			shellScript = "cp -rf \"$SRCROOT/Extra Scripts Plugin/ExtraScripts\" \"$INSTALL_DIR/$WRAPPER_NAME/Contents/Resources/\"";
		};
/* End PBXShellScriptBuildPhase section */

/* Begin PBXSourcesBuildPhase section */
		CD133EB315483070009579F0 /* Sources */ = {
			isa = PBXSourcesBuildPhase;
			buildActionMask = 2147483647;
			files = (
			);
			runOnlyForDeploymentPostprocessing = 0;
		};
/* End PBXSourcesBuildPhase section */

/* Begin PBXVariantGroup section */
		CD133EC015483071009579F0 /* InfoPlist.strings */ = {
			isa = PBXVariantGroup;
			children = (
				CD133EC115483071009579F0 /* en */,
			);
			name = InfoPlist.strings;
			sourceTree = "<group>";
		};
/* End PBXVariantGroup section */

/* Begin XCBuildConfiguration section */
		CD133ED515483071009579F0 /* Debug */ = {
			isa = XCBuildConfiguration;
			baseConfigurationReference = CD133EC515483071009579F0 /* Debug.xcconfig */;
			buildSettings = {
				ARCHS = "$(ARCHS_STANDARD_32_64_BIT)";
			};
			name = Debug;
		};
		CD133ED615483071009579F0 /* Release */ = {
			isa = XCBuildConfiguration;
			baseConfigurationReference = CD133ECB15483071009579F0 /* Release.xcconfig */;
			buildSettings = {
				ARCHS = "$(ARCHS_STANDARD_32_64_BIT)";
			};
			name = Release;
		};
		CD133ED815483071009579F0 /* Debug */ = {
			isa = XCBuildConfiguration;
			baseConfigurationReference = CD133EC715483071009579F0 /* QSPlugIn.xcconfig */;
			buildSettings = {
				PRODUCT_NAME = "$(TARGET_NAME)";
			};
			name = Debug;
		};
		CD133ED915483071009579F0 /* Release */ = {
			isa = XCBuildConfiguration;
			baseConfigurationReference = CD133EC715483071009579F0 /* QSPlugIn.xcconfig */;
			buildSettings = {
				PRODUCT_NAME = "$(TARGET_NAME)";
			};
			name = Release;
		};
/* End XCBuildConfiguration section */

/* Begin XCConfigurationList section */
		CD133EB115483070009579F0 /* Build configuration list for PBXProject "Extra Scripts Plugin" */ = {
			isa = XCConfigurationList;
			buildConfigurations = (
				CD133ED515483071009579F0 /* Debug */,
				CD133ED615483071009579F0 /* Release */,
			);
			defaultConfigurationIsVisible = 0;
			defaultConfigurationName = Release;
		};
		CD133ED715483071009579F0 /* Build configuration list for PBXNativeTarget "Extra Scripts Plugin" */ = {
			isa = XCConfigurationList;
			buildConfigurations = (
				CD133ED815483071009579F0 /* Debug */,
				CD133ED915483071009579F0 /* Release */,
			);
			defaultConfigurationIsVisible = 0;
			defaultConfigurationName = Release;
		};
/* End XCConfigurationList section */
	};
	rootObject = CD133EAE15483070009579F0 /* Project object */;
}
